
Microsoft Visual Studio Solution File, Format Version 12.00
# Visual Studio Version 17
VisualStudioVersion = 17.5.33414.496
MinimumVisualStudioVersion = 10.0.40219.1
Project("{FAE04EC0-301F-11D3-BF4B-00C04F79EFBC}") = "navegador_rrc2", "navegador_rrc2.csproj", "{267219EA-93AB-4216-9494-F779197C9B13}"
EndProject
Global
	GlobalSection(SolutionConfigurationPlatforms) = preSolution
		Debug|Any CPU = Debug|Any CPU
		Release|Any CPU = Release|Any CPU
	EndGlobalSection
	GlobalSection(ProjectConfigurationPlatforms) = postSolution
		{267219EA-93AB-4216-9494-F779197C9B13}.Debug|Any CPU.ActiveCfg = Debug|Any CPU
		{267219EA-93AB-4216-9494-F779197C9B13}.Debug|Any CPU.Build.0 = Debug|Any CPU
		{267219EA-93AB-4216-9494-F779197C9B13}.Release|Any CPU.ActiveCfg = Release|Any CPU
		{267219EA-93AB-4216-9494-F779197C9B13}.Release|Any CPU.Build.0 = Release|Any CPU
	EndGlobalSection
	GlobalSection(SolutionProperties) = preSolution
		HideSolutionNode = FALSE
	EndGlobalSection
	GlobalSection(ExtensibilityGlobals) = postSolution
		SolutionGuid = {66D1E7E6-09B1-494A-A66F-497A9994993D}
	EndGlobalSection
EndGlobal
